
Microsoft Visual Studio Solution File, Format Version 12.00
# Visual Studio Version 17
VisualStudioVersion = 17.1.32414.318
MinimumVisualStudioVersion = 10.0.40219.1
Project("{FAE04EC0-301F-11D3-BF4B-00C04F79EFBC}") = "Auxilaryfunction", "Auxilaryfunction\Auxilaryfunction.csproj", "{7FD6FCAF-8A28-43C7-ADB5-3C05716882A7}"
EndProject
Global
	GlobalSection(SolutionConfigurationPlatforms) = preSolution
		Debug|Any CPU = Debug|Any CPU
		Release|Any CPU = Release|Any CPU
	EndGlobalSection
	GlobalSection(ProjectConfigurationPlatforms) = postSolution
		{7FD6FCAF-8A28-43C7-ADB5-3C05716882A7}.Debug|Any CPU.ActiveCfg = Debug|Any CPU
		{7FD6FCAF-8A28-43C7-ADB5-3C05716882A7}.Debug|Any CPU.Build.0 = Debug|Any CPU
		{7FD6FCAF-8A28-43C7-ADB5-3C05716882A7}.Release|Any CPU.ActiveCfg = Release|Any CPU
		{7FD6FCAF-8A28-43C7-ADB5-3C05716882A7}.Release|Any CPU.Build.0 = Release|Any CPU
	EndGlobalSection
	GlobalSection(SolutionProperties) = preSolution
		HideSolutionNode = FALSE
	EndGlobalSection
	GlobalSection(ExtensibilityGlobals) = postSolution
		SolutionGuid = {91118ACA-F07C-4B27-B61A-9743894B828D}
	EndGlobalSection
EndGlobal
